hash: 5fe587e5ded817c7d64e9bdb2fa4b54b8dbffe2c182a06460835b1647932f91d
updated: 2017-01-31T17:10:14.550219082+01:00
imports:
- name: github.com/appcelerator/amp
  version: 3b5517fc1a358b4afe8062bf79d520bc5bf882c8
  subpackages:
  - config
  - pkg/mq
  - pkg/mq/nats-streaming
- name: github.com/gogo/protobuf
  version: fb8a359905af6e2b6517cccda0ba25915322ee88
  subpackages:
  - gogoproto
  - proto
  - protoc-gen-gogo/descriptor
- name: github.com/golang/protobuf
  version: 8ee79997227bf9b34611aee7946ae64735e6fd93
  subpackages:
  - proto
- name: github.com/nats-io/go-nats
  version: 61923ed1eaf8398000991fbbee2ef11ab5a5be0d
- name: github.com/nats-io/go-nats-streaming
  version: 6e620057a207bd61e992c1c5b6a2de7b6a4cb010
  subpackages:
  - pb
- name: github.com/nats-io/nats
  version: ea9585611a4ab58a205b9b125ebd74c389a6b898
  subpackages:
  - encoders/builtin
  - util
- name: github.com/nats-io/nuid
  version: 289cccf02c178dc782430d534e3c1f5b72af807f
testImports: []
